// !$*UTF8*$!
{
	archiveVersion = 1;
	classes = {
	};
	objectVersion = 77;
	objects = {

/* Begin PBXContainerItemProxy section */
		AD0323E33025B0D9009F55DE /* PBXContainerItemProxy */ = {
			isa = PBXContainerItemProxy;
			containerPortal = AD0323CD3025B0D7009F55DE /* Project object */;
			proxyType = 1;
			remoteGlobalIDString = AD0323D43025B0D7009F55DE;
			remoteInfo = "Spec-Shopping";
		};
		AD0323ED3025B0D9009F55DE /* PBXContainerItemProxy */ = {
			isa = PBXContainerItemProxy;
			containerPortal = AD0323CD3025B0D7009F55DE /* Project object */;
			proxyType = 1;
			remoteGlobalIDString = AD0323D43025B0D7009F55DE;
			remoteInfo = "Spec-Shopping";
		};
/* End PBXContainerItemProxy section */

/* Begin PBXFileReference section */
		AD0323D53025B0D7009F55DE /* Spec-Shopping.app */ = {isa = PBXFileReference; explicitFileType = wrapper.application; includeInIndex = 0; path = "Spec-Shopping.app"; sourceTree = BUILT_PRODUCTS_DIR; };
		AD0323E23025B0D9009F55DE /* Spec-ShoppingTests.xctest */ = {isa = PBXFileReference; explicitFileType = wrapper.cfbundle; includeInIndex = 0; path = "Spec-ShoppingTests.xctest"; sourceTree = BUILT_PRODUCTS_DIR; };
		AD0323EC3025B0D9009F55DE /* Spec-ShoppingUITests.xctest */ = {isa = PBXFileReference; explicitFileType = wrapper.cfbundle; includeInIndex = 0; path = "Spec-ShoppingUITests.xctest"; sourceTree = BUILT_PRODUCTS_DIR; };
/* End PBXFileReference section */

/* Begin PBXFileSystemSynchronizedRootGroup section */
		AD0323D73025B0D7009F55DE /* Spec-Shopping */ = {
			isa = PBXFileSystemSynchronizedRootGroup;
			path = "Spec-Shopping";
			sourceTree = "<group>";
		};
		AD0323E53025B0D9009F55DE /* Spec-ShoppingTests */ = {
			isa = PBXFileSystemSynchronizedRootGroup;
			path = "Spec-ShoppingTests";
			sourceTree = "<group>";
		};
		AD0323EF3025B0D9009F55DE /* Spec-ShoppingUITests */ = {
			isa = PBXFileSystemSynchronizedRootGroup;
			path = "Spec-ShoppingUITests";
			sourceTree = "<group>";
		};
/* End PBXFileSystemSynchronizedRootGroup section */

/* Begin PBXFrameworksBuildPhase section */
		AD0323D23025B0D7009F55DE /* Frameworks */ = {
			isa = PBXFrameworksBuildPhase;
			buildActionMask = 2147483647;
			files = (
			);
			runOnlyForDeploymentPostprocessing = 0;
		};
		AD0323DF3025B0D9009F55DE /* Frameworks */ = {
			isa = PBXFrameworksBuildPhase;
			buildActionMask = 2147483647;
			files = (
			);
			runOnlyForDeploymentPostprocessing = 0;
		};
		AD0323E93025B0D9009F55DE /* Frameworks */ = {
			isa = PBXFrameworksBuildPhase;
			buildActionMask = 2147483647;
			files = (
			);
			runOnlyForDeploymentPostprocessing = 0;
		};
/* End PBXFrameworksBuildPhase section */

/* Begin PBXGroup section */
		AD0323CC3025B0D7009F55DE = {
			isa = PBXGroup;
			children = (
				AD0323D73025B0D7009F55DE /* Spec-Shopping */,
				AD0323E53025B0D9009F55DE /* Spec-ShoppingTests */,
				AD0323EF3025B0D9009F55DE /* Spec-ShoppingUITests */,
				AD0323D63025B0D7009F55DE /* Products */,
			);
			sourceTree = "<group>";
		};
		AD0323D63025B0D7009F55DE /* Products */ = {
			isa = PBXGroup;
			children = (
				AD0323D53025B0D7009F55DE /* Spec-Shopping.app */,
				AD0323E23025B0D9009F55DE /* Spec-ShoppingTests.xctest */,
				AD0323EC3025B0D9009F55DE /* Spec-ShoppingUITests.xctest */,
			);
			name = Products;
			sourceTree = "<group>";
		};
/* End PBXGroup section */

/* Begin PBXNativeTarget section */
		AD0323D43025B0D7009F55DE /* Spec-Shopping */ = {
			isa = PBXNativeTarget;
			buildConfigurationList = AD0323F63025B0D9009F55DE /* Build configuration list for PBXNativeTarget "Spec-Shopping" */;
			buildPhases = (
				AD0323D13025B0D7009F55DE /* Sources */,
				AD0323D23025B0D7009F55DE /* Frameworks */,
				AD0323D33025B0D7009F55DE /* Resources */,
			);
			buildRules = (
			);
			dependencies = (
			);
			fileSystemSynchronizedGroups = (
				AD0323D73025B0D7009F55DE /* Spec-Shopping */,
			);
			name = "Spec-Shopping";
			packageProductDependencies = (
			);
			productName = "Spec-Shopping";
			productReference = AD0323D53025B0D7009F55DE /* Spec-Shopping.app */;
			productType = "com.apple.product-type.application";
		};
		AD0323E13025B0D9009F55DE /* Spec-ShoppingTests */ = {
			isa = PBXNativeTarget;
			buildConfigurationList = AD0323F93025B0D9009F55DE /* Build configuration list for PBXNativeTarget "Spec-ShoppingTests" */;
			buildPhases = (
				AD0323DE3025B0D9009F55DE /* Sources */,
				AD0323DF3025B0D9009F55DE /* Frameworks */,
				AD0323E03025B0D9009F55DE /* Resources */,
			);
			buildRules = (
			);
			dependencies = (
				AD0323E43025B0D9009F55DE /* PBXTargetDependency */,
			);
			fileSystemSynchronizedGroups = (
				AD0323E53025B0D9009F55DE /* Spec-ShoppingTests */,
			);
			name = "Spec-ShoppingTests";
			packageProductDependencies = (
			);
			productName = "Spec-ShoppingTests";
			productReference = AD0323E23025B0D9009F55DE /* Spec-ShoppingTests.xctest */;
			productType = "com.apple.product-type.bundle.unit-test";
		};
		AD0323EB3025B0D9009F55DE /* Spec-ShoppingUITests */ = {
			isa = PBXNativeTarget;
			buildConfigurationList = AD0323FC3025B0D9009F55DE /* Build configuration list for PBXNativeTarget "Spec-ShoppingUITests" */;
			buildPhases = (
				AD0323E83025B0D9009F55DE /* Sources */,
				AD0323E93025B0D9009F55DE /* Frameworks */,
				AD0323EA3025B0D9009F55DE /* Resources */,
			);
			buildRules = (
			);
			dependencies = (
				AD0323EE3025B0D9009F55DE /* PBXTargetDependency */,
			);
			fileSystemSynchronizedGroups = (
				AD0323EF3025B0D9009F55DE /* Spec-ShoppingUITests */,
			);
			name = "Spec-ShoppingUITests";
			packageProductDependencies = (
			);
			productName = "Spec-ShoppingUITests";
			productReference = AD0323EC3025B0D9009F55DE /* Spec-ShoppingUITests.xctest */;
			productType = "com.apple.product-type.bundle.ui-testing";
		};
/* End PBXNativeTarget section */

/* Begin PBXProject section */
		AD0323CD3025B0D7009F55DE /* Project object */ = {
			isa = PBXProject;
			attributes = {
				BuildIndependentTargetsInParallel = 1;
				LastSwiftUpdateCheck = 2620;
				LastUpgradeCheck = 2620;
				TargetAttributes = {
					AD0323D43025B0D7009F55DE = {
						CreatedOnToolsVersion = 26.2;
					};
					AD0323E13025B0D9009F55DE = {
						CreatedOnToolsVersion = 26.2;
						TestTargetID = AD0323D43025B0D7009F55DE;
					};
					AD0323EB3025B0D9009F55DE = {
						CreatedOnToolsVersion = 26.2;
						TestTargetID = AD0323D43025B0D7009F55DE;
					};
				};
			};
			buildConfigurationList = AD0323D03025B0D7009F55DE /* Build configuration list for PBXProject "Spec-Shopping" */;
			developmentRegion = en;
			hasScannedForEncodings = 0;
			knownRegions = (
				en,
				Base,
			);
			mainGroup = AD0323CC3025B0D7009F55DE;
			minimizedProjectReferenceProxies = 1;
			preferredProjectObjectVersion = 77;
			productRefGroup = AD0323D63025B0D7009F55DE /* Products */;
			projectDirPath = "";
			projectRoot = "";
			targets = (
				AD0323D43025B0D7009F55DE /* Spec-Shopping */,
				AD0323E13025B0D9009F55DE /* Spec-ShoppingTests */,
				AD0323EB3025B0D9009F55DE /* Spec-ShoppingUITests */,
			);
		};
/* End PBXProject section */

/* Begin PBXResourcesBuildPhase section */
		AD0323D33025B0D7009F55DE /* Resources */ = {
			isa = PBXResourcesBuildPhase;
			buildActionMask = 2147483647;
			files = (
			);
			runOnlyForDeploymentPostprocessing = 0;
		};
		AD0323E03025B0D9009F55DE /* Resources */ = {
			isa = PBXResourcesBuildPhase;
			buildActionMask = 2147483647;
			files = (
			);
			runOnlyForDeploymentPostprocessing = 0;
		};
		AD0323EA3025B0D9009F55DE /* Resources */ = {
			isa = PBXResourcesBuildPhase;
			buildActionMask = 2147483647;
			files = (
			);
			runOnlyForDeploymentPostprocessing = 0;
		};
/* End PBXResourcesBuildPhase section */

/* Begin PBXSourcesBuildPhase section */
		AD0323D13025B0D7009F55DE /* Sources */ = {
			isa = PBXSourcesBuildPhase;
			buildActionMask = 2147483647;
			files = (
			);
			runOnlyForDeploymentPostprocessing = 0;
		};
		AD0323DE3025B0D9009F55DE /* Sources */ = {
			isa = PBXSourcesBuildPhase;
			buildActionMask = 2147483647;
			files = (
			);
			runOnlyForDeploymentPostprocessing = 0;
		};
		AD0323E83025B0D9009F55DE /* Sources */ = {
			isa = PBXSourcesBuildPhase;
			buildActionMask = 2147483647;
			files = (
			);
			runOnlyForDeploymentPostprocessing = 0;
		};
/* End PBXSourcesBuildPhase section */

/* Begin PBXTargetDependency section */
		AD0323E43025B0D9009F55DE /* PBXTargetDependency */ = {
			isa = PBXTargetDependency;
			target = AD0323D43025B0D7009F55DE /* Spec-Shopping */;
			targetProxy = AD0323E33025B0D9009F55DE /* PBXContainerItemProxy */;
		};
		AD0323EE3025B0D9009F55DE /* PBXTargetDependency */ = {
			isa = PBXTargetDependency;
			target = AD0323D43025B0D7009F55DE /* Spec-Shopping */;
			targetProxy = AD0323ED3025B0D9009F55DE /* PBXContainerItemProxy */;
		};
/* End PBXTargetDependency section */

/* Begin XCBuildConfiguration section */
		AD0323F43025B0D9009F55DE /* Debug */ = {
			isa = XCBuildConfiguration;
			buildSettings = {
				ALWAYS_SEARCH_USER_PATHS = NO;
				ASSETCATALOG_COMPILER_GENERATE_SWIFT_ASSET_SYMBOL_EXTENSIONS = YES;
				CLANG_ANALYZER_NONNULL = YES;
				CLANG_ANALYZER_NUMBER_OBJECT_CONVERSION = YES_AGGRESSIVE;
				CLANG_CXX_LANGUAGE_STANDARD = "gnu++20";
				CLANG_ENABLE_MODULES = YES;
				CLANG_ENABLE_OBJC_ARC = YES;
				CLANG_ENABLE_OBJC_WEAK = YES;
				CLANG_WARN_BLOCK_CAPTURE_AUTORELEASING = YES;
				CLANG_WARN_BOOL_CONVERSION = YES;
				CLANG_WARN_COMMA = YES;
				CLANG_WARN_CONSTANT_CONVERSION = YES;
				CLANG_WARN_DEPRECATED_OBJC_IMPLEMENTATIONS = YES;
				CLANG_WARN_DIRECT_OBJC_ISA_USAGE = YES_ERROR;
				CLANG_WARN_DOCUMENTATION_COMMENTS = YES;
				CLANG_WARN_EMPTY_BODY = YES;
				CLANG_WARN_ENUM_CONVERSION = YES;
				CLANG_WARN_INFINITE_RECURSION = YES;
				CLANG_WARN_INT_CONVERSION = YES;
				CLANG_WARN_NON_LITERAL_NULL_CONVERSION = YES;
				CLANG_WARN_OBJC_IMPLICIT_RETAIN_SELF = YES;
				CLANG_WARN_OBJC_LITERAL_CONVERSION = YES;
				CLANG_WARN_OBJC_ROOT_CLASS = YES_ERROR;
				CLANG_WARN_QUOTED_INCLUDE_IN_FRAMEWORK_HEADER = YES;
				CLANG_WARN_RANGE_LOOP_ANALYSIS = YES;
				CLANG_WARN_STRICT_PROTOTYPES = YES;
				CLANG_WARN_SUSPICIOUS_MOVE = YES;
				CLANG_WARN_UNGUARDED_AVAILABILITY = YES_AGGRESSIVE;
				CLANG_WARN_UNREACHABLE_CODE = YES;
				CLANG_WARN__DUPLICATE_METHOD_MATCH = YES;
				COPY_PHASE_STRIP = NO;
				DEBUG_INFORMATION_FORMAT = dwarf;
				ENABLE_STRICT_OBJC_MSGSEND = YES;
				ENABLE_TESTABILITY = YES;
				ENABLE_USER_SCRIPT_SANDBOXING = YES;
				GCC_C_LANGUAGE_STANDARD = gnu17;
				GCC_DYNAMIC_NO_PIC = NO;
				GCC_NO_COMMON_BLOCKS = YES;
				GCC_OPTIMIZATION_LEVEL = 0;
				GCC_PREPROCESSOR_DEFINITIONS = (
					"DEBUG=1",
					"$(inherited)",
				);
				GCC_WARN_64_TO_32_BIT_CONVERSION = YES;
				GCC_WARN_ABOUT_RETURN_TYPE = YES_ERROR;
				GCC_WARN_UNDECLARED_SELECTOR = YES;
				GCC_WARN_UNINITIALIZED_AUTOS = YES_AGGRESSIVE;
				GCC_WARN_UNUSED_FUNCTION = YES;
				GCC_WARN_UNUSED_VARIABLE = YES;
				IPHONEOS_DEPLOYMENT_TARGET = 26.2;
				LOCALIZATION_PREFERS_STRING_CATALOGS = YES;
				MTL_ENABLE_DEBUG_INFO = INCLUDE_SOURCE;
				MTL_FAST_MATH = YES;
				ONLY_ACTIVE_ARCH = YES;
				SDKROOT = iphoneos;
				SWIFT_ACTIVE_COMPILATION_CONDITIONS = "DEBUG $(inherited)";
				SWIFT_OPTIMIZATION_LEVEL = "-Onone";
			};
			name = Debug;
		};
		AD0323F53025B0D9009F55DE /* Release */ = {
			isa = XCBuildConfiguration;
			buildSettings = {
				ALWAYS_SEARCH_USER_PATHS = NO;
				ASSETCATALOG_COMPILER_GENERATE_SWIFT_ASSET_SYMBOL_EXTENSIONS = YES;
				CLANG_ANALYZER_NONNULL = YES;
				CLANG_ANALYZER_NUMBER_OBJECT_CONVERSION = YES_AGGRESSIVE;
				CLANG_CXX_LANGUAGE_STANDARD = "gnu++20";
				CLANG_ENABLE_MODULES = YES;
				CLANG_ENABLE_OBJC_ARC = YES;
				CLANG_ENABLE_OBJC_WEAK = YES;
				CLANG_WARN_BLOCK_CAPTURE_AUTORELEASING = YES;
				CLANG_WARN_BOOL_CONVERSION = YES;
				CLANG_WARN_COMMA = YES;
				CLANG_WARN_CONSTANT_CONVERSION = YES;
				CLANG_WARN_DEPRECATED_OBJC_IMPLEMENTATIONS = YES;
				CLANG_WARN_DIRECT_OBJC_ISA_USAGE = YES_ERROR;
				CLANG_WARN_DOCUMENTATION_COMMENTS = YES;
				CLANG_WARN_EMPTY_BODY = YES;
				CLANG_WARN_ENUM_CONVERSION = YES;
				CLANG_WARN_INFINITE_RECURSION = YES;
				CLANG_WARN_INT_CONVERSION = YES;
				CLANG_WARN_NON_LITERAL_NULL_CONVERSION = YES;
				CLANG_WARN_OBJC_IMPLICIT_RETAIN_SELF = YES;
				CLANG_WARN_OBJC_LITERAL_CONVERSION = YES;
				CLANG_WARN_OBJC_ROOT_CLASS = YES_ERROR;
				CLANG_WARN_QUOTED_INCLUDE_IN_FRAMEWORK_HEADER = YES;
				CLANG_WARN_RANGE_LOOP_ANALYSIS = YES;
				CLANG_WARN_STRICT_PROTOTYPES = YES;
				CLANG_WARN_SUSPICIOUS_MOVE = YES;
				CLANG_WARN_UNGUARDED_AVAILABILITY = YES_AGGRESSIVE;
				CLANG_WARN_UNREACHABLE_CODE = YES;
				CLANG_WARN__DUPLICATE_METHOD_MATCH = YES;
				COPY_PHASE_STRIP = NO;
				DEBUG_INFORMATION_FORMAT = "dwarf-with-dsym";
				ENABLE_NS_ASSERTIONS = NO;
				ENABLE_STRICT_OBJC_MSGSEND = YES;
				ENABLE_USER_SCRIPT_SANDBOXING = YES;
				GCC_C_LANGUAGE_STANDARD = gnu17;
				GCC_NO_COMMON_BLOCKS = YES;
				GCC_WARN_64_TO_32_BIT_CONVERSION = YES;
				GCC_WARN_ABOUT_RETURN_TYPE = YES_ERROR;
				GCC_WARN_UNDECLARED_SELECTOR = YES;
				GCC_WARN_UNINITIALIZED_AUTOS = YES_AGGRESSIVE;
				GCC_WARN_UNUSED_FUNCTION = YES;
				GCC_WARN_UNUSED_VARIABLE = YES;
				IPHONEOS_DEPLOYMENT_TARGET = 26.2;
				LOCALIZATION_PREFERS_STRING_CATALOGS = YES;
				MTL_ENABLE_DEBUG_INFO = NO;
				MTL_FAST_MATH = YES;
				SDKROOT = iphoneos;
				SWIFT_COMPILATION_MODE = wholemodule;
				VALIDATE_PRODUCT = YES;
			};
			name = Release;
		};
		AD0323F73025B0D9009F55DE /* Debug */ = {
			isa = XCBuildConfiguration;
			buildSettings = {
				ASSETCATALOG_COMPILER_APPICON_NAME = AppIcon;
				ASSETCATALOG_COMPILER_GLOBAL_ACCENT_COLOR_NAME = AccentColor;
				CODE_SIGN_STYLE = Automatic;
				CURRENT_PROJECT_VERSION = 1;
				ENABLE_PREVIEWS = YES;
				GENERATE_INFOPLIST_FILE = YES;
				INFOPLIST_KEY_UIApplicationSceneManifest_Generation = YES;
				INFOPLIST_KEY_UIApplicationSupportsIndirectInputEvents = YES;
				INFOPLIST_KEY_UILaunchScreen_Generation = YES;
				INFOPLIST_KEY_UISupportedInterfaceOrientations_iPad = "UIInterfaceOrientationPortrait UIInterfaceOrientationPortraitUpsideDown UIInterfaceOrientationLandscapeLeft UIInterfaceOrientationLandscapeRight";
				INFOPLIST_KEY_UISupportedInterfaceOrientations_iPhone = "UIInterfaceOrientationPortrait UIInterfaceOrientationLandscapeLeft UIInterfaceOrientationLandscapeRight";
				LD_RUNPATH_SEARCH_PATHS = (
					"$(inherited)",
					"@executable_path/Frameworks",
				);
				MARKETING_VERSION = 1.0;
				PRODUCT_BUNDLE_IDENTIFIER = "opentrends.Spec-Shopping";
				PRODUCT_NAME = "$(TARGET_NAME)";
				STRING_CATALOG_GENERATE_SYMBOLS = YES;
				SWIFT_APPROACHABLE_CONCURRENCY = YES;
				SWIFT_DEFAULT_ACTOR_ISOLATION = MainActor;
				SWIFT_EMIT_LOC_STRINGS = YES;
				SWIFT_UPCOMING_FEATURE_MEMBER_IMPORT_VISIBILITY = YES;
				SWIFT_VERSION = 5.0;
				TARGETED_DEVICE_FAMILY = "1,2";
			};
			name = Debug;
		};
		AD0323F83025B0D9009F55DE /* Release */ = {
			isa = XCBuildConfiguration;
			buildSettings = {
				ASSETCATALOG_COMPILER_APPICON_NAME = AppIcon;
				ASSETCATALOG_COMPILER_GLOBAL_ACCENT_COLOR_NAME = AccentColor;
				CODE_SIGN_STYLE = Automatic;
				CURRENT_PROJECT_VERSION = 1;
				ENABLE_PREVIEWS = YES;
				GENERATE_INFOPLIST_FILE = YES;
				INFOPLIST_KEY_UIApplicationSceneManifest_Generation = YES;
				INFOPLIST_KEY_UIApplicationSupportsIndirectInputEvents = YES;
				INFOPLIST_KEY_UILaunchScreen_Generation = YES;
				INFOPLIST_KEY_UISupportedInterfaceOrientations_iPad = "UIInterfaceOrientationPortrait UIInterfaceOrientationPortraitUpsideDown UIInterfaceOrientationLandscapeLeft UIInterfaceOrientationLandscapeRight";
				INFOPLIST_KEY_UISupportedInterfaceOrientations_iPhone = "UIInterfaceOrientationPortrait UIInterfaceOrientationLandscapeLeft UIInterfaceOrientationLandscapeRight";
				LD_RUNPATH_SEARCH_PATHS = (
					"$(inherited)",
					"@executable_path/Frameworks",
				);
				MARKETING_VERSION = 1.0;
				PRODUCT_BUNDLE_IDENTIFIER = "opentrends.Spec-Shopping";
				PRODUCT_NAME = "$(TARGET_NAME)";
				STRING_CATALOG_GENERATE_SYMBOLS = YES;
				SWIFT_APPROACHABLE_CONCURRENCY = YES;
				SWIFT_DEFAULT_ACTOR_ISOLATION = MainActor;
				SWIFT_EMIT_LOC_STRINGS = YES;
				SWIFT_UPCOMING_FEATURE_MEMBER_IMPORT_VISIBILITY = YES;
				SWIFT_VERSION = 5.0;
				TARGETED_DEVICE_FAMILY = "1,2";
			};
			name = Release;
		};
		AD0323FA3025B0D9009F55DE /* Debug */ = {
			isa = XCBuildConfiguration;
			buildSettings = {
				BUNDLE_LOADER = "$(TEST_HOST)";
				CODE_SIGN_STYLE = Automatic;
				CURRENT_PROJECT_VERSION = 1;
				GENERATE_INFOPLIST_FILE = YES;
				IPHONEOS_DEPLOYMENT_TARGET = 26.2;
				MARKETING_VERSION = 1.0;
				PRODUCT_BUNDLE_IDENTIFIER = "opentrends.Spec-ShoppingTests";
				PRODUCT_NAME = "$(TARGET_NAME)";
				STRING_CATALOG_GENERATE_SYMBOLS = NO;
				SWIFT_APPROACHABLE_CONCURRENCY = YES;
				SWIFT_EMIT_LOC_STRINGS = NO;
				SWIFT_UPCOMING_FEATURE_MEMBER_IMPORT_VISIBILITY = YES;
				SWIFT_VERSION = 5.0;
				TARGETED_DEVICE_FAMILY = "1,2";
				TEST_HOST = "$(BUILT_PRODUCTS_DIR)/Spec-Shopping.app/$(BUNDLE_EXECUTABLE_FOLDER_PATH)/Spec-Shopping";
			};
			name = Debug;
		};
		AD0323FB3025B0D9009F55DE /* Release */ = {
			isa = XCBuildConfiguration;
			buildSettings = {
				BUNDLE_LOADER = "$(TEST_HOST)";
				CODE_SIGN_STYLE = Automatic;
				CURRENT_PROJECT_VERSION = 1;
				GENERATE_INFOPLIST_FILE = YES;
				IPHONEOS_DEPLOYMENT_TARGET = 26.2;
				MARKETING_VERSION = 1.0;
				PRODUCT_BUNDLE_IDENTIFIER = "opentrends.Spec-ShoppingTests";
				PRODUCT_NAME = "$(TARGET_NAME)";
				STRING_CATALOG_GENERATE_SYMBOLS = NO;
				SWIFT_APPROACHABLE_CONCURRENCY = YES;
				SWIFT_EMIT_LOC_STRINGS = NO;
				SWIFT_UPCOMING_FEATURE_MEMBER_IMPORT_VISIBILITY = YES;
				SWIFT_VERSION = 5.0;
				TARGETED_DEVICE_FAMILY = "1,2";
				TEST_HOST = "$(BUILT_PRODUCTS_DIR)/Spec-Shopping.app/$(BUNDLE_EXECUTABLE_FOLDER_PATH)/Spec-Shopping";
			};
			name = Release;
		};
		AD0323FD3025B0D9009F55DE /* Debug */ = {
			isa = XCBuildConfiguration;
			buildSettings = {
				CODE_SIGN_STYLE = Automatic;
				CURRENT_PROJECT_VERSION = 1;
				GENERATE_INFOPLIST_FILE = YES;
				MARKETING_VERSION = 1.0;
				PRODUCT_BUNDLE_IDENTIFIER = "opentrends.Spec-ShoppingUITests";
				PRODUCT_NAME = "$(TARGET_NAME)";
				STRING_CATALOG_GENERATE_SYMBOLS = NO;
				SWIFT_APPROACHABLE_CONCURRENCY = YES;
				SWIFT_EMIT_LOC_STRINGS = NO;
				SWIFT_UPCOMING_FEATURE_MEMBER_IMPORT_VISIBILITY = YES;
				SWIFT_VERSION = 5.0;
				TARGETED_DEVICE_FAMILY = "1,2";
				TEST_TARGET_NAME = "Spec-Shopping";
			};
			name = Debug;
		};
		AD0323FE3025B0D9009F55DE /* Release */ = {
			isa = XCBuildConfiguration;
			buildSettings = {
				CODE_SIGN_STYLE = Automatic;
				CURRENT_PROJECT_VERSION = 1;
				GENERATE_INFOPLIST_FILE = YES;
				MARKETING_VERSION = 1.0;
				PRODUCT_BUNDLE_IDENTIFIER = "opentrends.Spec-ShoppingUITests";
				PRODUCT_NAME = "$(TARGET_NAME)";
				STRING_CATALOG_GENERATE_SYMBOLS = NO;
				SWIFT_APPROACHABLE_CONCURRENCY = YES;
				SWIFT_EMIT_LOC_STRINGS = NO;
				SWIFT_UPCOMING_FEATURE_MEMBER_IMPORT_VISIBILITY = YES;
				SWIFT_VERSION = 5.0;
				TARGETED_DEVICE_FAMILY = "1,2";
				TEST_TARGET_NAME = "Spec-Shopping";
			};
			name = Release;
		};
/* End XCBuildConfiguration section */

/* Begin XCConfigurationList section */
		AD0323D03025B0D7009F55DE /* Build configuration list for PBXProject "Spec-Shopping" */ = {
			isa = XCConfigurationList;
			buildConfigurations = (
				AD0323F43025B0D9009F55DE /* Debug */,
				AD0323F53025B0D9009F55DE /* Release */,
			);
			defaultConfigurationIsVisible = 0;
			defaultConfigurationName = Release;
		};
		AD0323F63025B0D9009F55DE /* Build configuration list for PBXNativeTarget "Spec-Shopping" */ = {
			isa = XCConfigurationList;
			buildConfigurations = (
				AD0323F73025B0D9009F55DE /* Debug */,
				AD0323F83025B0D9009F55DE /* Release */,
			);
			defaultConfigurationIsVisible = 0;
			defaultConfigurationName = Release;
		};
		AD0323F93025B0D9009F55DE /* Build configuration list for PBXNativeTarget "Spec-ShoppingTests" */ = {
			isa = XCConfigurationList;
			buildConfigurations = (
				AD0323FA3025B0D9009F55DE /* Debug */,
				AD0323FB3025B0D9009F55DE /* Release */,
			);
			defaultConfigurationIsVisible = 0;
			defaultConfigurationName = Release;
		};
		AD0323FC3025B0D9009F55DE /* Build configuration list for PBXNativeTarget "Spec-ShoppingUITests" */ = {
			isa = XCConfigurationList;
			buildConfigurations = (
				AD0323FD3025B0D9009F55DE /* Debug */,
				AD0323FE3025B0D9009F55DE /* Release */,
			);
			defaultConfigurationIsVisible = 0;
			defaultConfigurationName = Release;
		};
/* End XCConfigurationList section */
	};
	rootObject = AD0323CD3025B0D7009F55DE /* Project object */;
}
